
Microsoft Visual Studio Solution File, Format Version 12.00
# Visual Studio Version 16
VisualStudioVersion = 16.0.30621.155
MinimumVisualStudioVersion = 10.0.40219.1
Project("{FAE04EC0-301F-11D3-BF4B-00C04F79EFBC}") = "Log4netTest", "Log4netTest\Log4netTest.csproj", "{9FD6AF6F-B40D-42DA-BD33-271B56B01F96}"
EndProject
Global
	GlobalSection(SolutionConfigurationPlatforms) = preSolution
		Debug|Any CPU = Debug|Any CPU
		Release|Any CPU = Release|Any CPU
	EndGlobalSection
	GlobalSection(ProjectConfigurationPlatforms) = postSolution
		{9FD6AF6F-B40D-42DA-BD33-271B56B01F96}.Debug|Any CPU.ActiveCfg = Debug|Any CPU
		{9FD6AF6F-B40D-42DA-BD33-271B56B01F96}.Debug|Any CPU.Build.0 = Debug|Any CPU
		{9FD6AF6F-B40D-42DA-BD33-271B56B01F96}.Release|Any CPU.ActiveCfg = Release|Any CPU
		{9FD6AF6F-B40D-42DA-BD33-271B56B01F96}.Release|Any CPU.Build.0 = Release|Any CPU
	EndGlobalSection
	GlobalSection(SolutionProperties) = preSolution
		HideSolutionNode = FALSE
	EndGlobalSection
	GlobalSection(ExtensibilityGlobals) = postSolution
		SolutionGuid = {431E7383-B38E-4F5A-954A-97C74B1F834B}
	EndGlobalSection
EndGlobal
